origin:
  - repo: owasp-modsecurity/ModSecurity-apache
    path: issues/78
    reason: Source-derived minimal rule-chain conformance fixture; no screenshot or log artifact copied.
category: security/rule-chain
source: owasp-modsecurity/ModSecurity-apache#78
source_derived: true
provenance:
  issue: owasp-modsecurity/ModSecurity-apache#78
  classification: rule-chain conformance fixture
portable: true
status: imported
runtime_verified: false
notes: "Issue #78 source-derived rule-chain fixture: both chained conditions match and must block."
known_limitations:
  - Does not reproduce the issue screenshot or any database/log artifact.
  - Checks only basic SecRule chain conformance with stable ARGS variables.
  - Runtime evidence is required before this is counted as fully verified parity.
name: rule_chain_both_match_block
capabilities:
  query_args: true
  phase2: true
  intervention: true
  rule_parser: true
rules: |
  SecRuleEngine On
  SecRule ARGS:chain_a "@streq alpha" "id:5801,phase:2,deny,status:403,chain,msg:'rule chain both match block'"
  SecRule ARGS:chain_b "@streq beta" "t:none"
request:
  method: GET
  path: "/?chain_a=alpha&chain_b=beta"
expect:
  status: 403
  intervention: deny
  rule_id: 5801
