name: collection_args_names_block
origin:
  - repo: ModSecurity-apache
    path: tests/regression/target/00-targets.t
    reason: Derived from the ARGS_NAMES GET regression case.
category: collections
capabilities:
  - query_args
  - collections
  - phase2
  - intervention
portable: true
status: imported

rules: |
  SecRuleEngine On
  SecRule ARGS_NAMES "@streq arg1" \
    "id:2201,phase:2,deny,status:403,msg:'imported ARGS_NAMES smoke'"

request:
  method: GET
  path: "/?arg1=clean"

expect:
  status: 403
  intervention: deny
  rule_id: 2201
